
Microsoft Visual Studio Solution File, Format Version 12.00
# Visual Studio Version 16
VisualStudioVersion = 16.0.31424.327
MinimumVisualStudioVersion = 10.0.40219.1
Project("{2150E333-8FDC-42A3-9474-1A3956D46DE8}") = "src", "src", "{D350BE9B-50EC-4735-B69B-75900CB9F5BA}"
EndProject
Project("{9A19103F-16F7-4668-BE54-9A1E7A4F7556}") = "CRMS.Client.ReactRedux", "CRMS.Client.ReactRedux\CRMS.Client.ReactRedux.csproj", "{78D72008-EFFA-4365-B056-380BBEC2D7AF}"
EndProject
Project("{2150E333-8FDC-42A3-9474-1A3956D46DE8}") = "Mix", "Mix", "{FAC00177-CBFB-4524-A6F2-0BBCA3FEC013}"
	ProjectSection(SolutionItems) = preProject
		send_draft.js = send_draft.js
	EndProjectSection
EndProject
Project("{2150E333-8FDC-42A3-9474-1A3956D46DE8}") = "Tests", "Tests", "{941A5031-10E8-4AA1-BAFB-9E138BAF721D}"
EndProject
Project("{FAE04EC0-301F-11D3-BF4B-00C04F79EFBC}") = "Subscriptions.Tests", "Subscriptions.Tests\Subscriptions.Tests.csproj", "{5CE16A0B-7996-4243-865D-99C33A3D830F}"
EndProject
Project("{9A19103F-16F7-4668-BE54-9A1E7A4F7556}") = "SubscriptionsController.Tests", "SubscriptionsController.Tests\SubscriptionsController.Tests.csproj", "{65F909C6-DC41-4F24-A515-08ACDE82BCFD}"
EndProject
Global
	GlobalSection(SolutionConfigurationPlatforms) = preSolution
		Debug|Any CPU = Debug|Any CPU
		Release|Any CPU = Release|Any CPU
	EndGlobalSection
	GlobalSection(ProjectConfigurationPlatforms) = postSolution
		{78D72008-EFFA-4365-B056-380BBEC2D7AF}.Debug|Any CPU.ActiveCfg = Debug|Any CPU
		{78D72008-EFFA-4365-B056-380BBEC2D7AF}.Debug|Any CPU.Build.0 = Debug|Any CPU
		{78D72008-EFFA-4365-B056-380BBEC2D7AF}.Release|Any CPU.ActiveCfg = Release|Any CPU
		{78D72008-EFFA-4365-B056-380BBEC2D7AF}.Release|Any CPU.Build.0 = Release|Any CPU
		{5CE16A0B-7996-4243-865D-99C33A3D830F}.Debug|Any CPU.ActiveCfg = Debug|Any CPU
		{5CE16A0B-7996-4243-865D-99C33A3D830F}.Debug|Any CPU.Build.0 = Debug|Any CPU
		{5CE16A0B-7996-4243-865D-99C33A3D830F}.Release|Any CPU.ActiveCfg = Release|Any CPU
		{5CE16A0B-7996-4243-865D-99C33A3D830F}.Release|Any CPU.Build.0 = Release|Any CPU
		{65F909C6-DC41-4F24-A515-08ACDE82BCFD}.Debug|Any CPU.ActiveCfg = Debug|Any CPU
		{65F909C6-DC41-4F24-A515-08ACDE82BCFD}.Debug|Any CPU.Build.0 = Debug|Any CPU
		{65F909C6-DC41-4F24-A515-08ACDE82BCFD}.Release|Any CPU.ActiveCfg = Release|Any CPU
		{65F909C6-DC41-4F24-A515-08ACDE82BCFD}.Release|Any CPU.Build.0 = Release|Any CPU
	EndGlobalSection
	GlobalSection(SolutionProperties) = preSolution
		HideSolutionNode = FALSE
	EndGlobalSection
	GlobalSection(NestedProjects) = preSolution
		{78D72008-EFFA-4365-B056-380BBEC2D7AF} = {D350BE9B-50EC-4735-B69B-75900CB9F5BA}
		{FAC00177-CBFB-4524-A6F2-0BBCA3FEC013} = {D350BE9B-50EC-4735-B69B-75900CB9F5BA}
		{5CE16A0B-7996-4243-865D-99C33A3D830F} = {941A5031-10E8-4AA1-BAFB-9E138BAF721D}
		{65F909C6-DC41-4F24-A515-08ACDE82BCFD} = {941A5031-10E8-4AA1-BAFB-9E138BAF721D}
	EndGlobalSection
	GlobalSection(ExtensibilityGlobals) = postSolution
		SolutionGuid = {D0DE1A91-5429-400F-A3C0-E280F9A52933}
	EndGlobalSection
EndGlobal
